
Microsoft Visual Studio Solution File, Format Version 12.00
# Visual Studio 14
VisualStudioVersion = 14.0.25420.1
MinimumVisualStudioVersion = 10.0.40219.1
Project("{8BC9CEB8-8B4A-11D0-8D11-00A0C91BC942}") = "ScadaMB", "ScadaMB\ScadaMB.vcxproj", "{EFAC8958-50A9-48F1-A245-A2E9C2B107B0}"
EndProject
Project("{8BC9CEB8-8B4A-11D0-8D11-00A0C91BC942}") = "HelpLib", "HelpLib\HelpLib.vcxproj", "{30AC6C1C-2851-4ED6-AF00-DEB0519D46C0}"
EndProject
Project("{8BC9CEB8-8B4A-11D0-8D11-00A0C91BC942}") = "Client", "Client\Client.vcxproj", "{F1BA9550-BC4C-4863-9556-C5C615D85154}"
EndProject
Global
	GlobalSection(SolutionConfigurationPlatforms) = preSolution
		Debug|x64 = Debug|x64
		Debug|x86 = Debug|x86
		Release|x64 = Release|x64
		Release|x86 = Release|x86
	EndGlobalSection
	GlobalSection(ProjectConfigurationPlatforms) = postSolution
		{EFAC8958-50A9-48F1-A245-A2E9C2B107B0}.Debug|x64.ActiveCfg = Debug|x64
		{EFAC8958-50A9-48F1-A245-A2E9C2B107B0}.Debug|x64.Build.0 = Debug|x64
		{EFAC8958-50A9-48F1-A245-A2E9C2B107B0}.Debug|x86.ActiveCfg = Debug|Win32
		{EFAC8958-50A9-48F1-A245-A2E9C2B107B0}.Debug|x86.Build.0 = Debug|Win32
		{EFAC8958-50A9-48F1-A245-A2E9C2B107B0}.Release|x64.ActiveCfg = Release|x64
		{EFAC8958-50A9-48F1-A245-A2E9C2B107B0}.Release|x64.Build.0 = Release|x64
		{EFAC8958-50A9-48F1-A245-A2E9C2B107B0}.Release|x86.ActiveCfg = Release|Win32
		{EFAC8958-50A9-48F1-A245-A2E9C2B107B0}.Release|x86.Build.0 = Release|Win32
		{30AC6C1C-2851-4ED6-AF00-DEB0519D46C0}.Debug|x64.ActiveCfg = Debug|x64
		{30AC6C1C-2851-4ED6-AF00-DEB0519D46C0}.Debug|x64.Build.0 = Debug|x64
		{30AC6C1C-2851-4ED6-AF00-DEB0519D46C0}.Debug|x86.ActiveCfg = Debug|Win32
		{30AC6C1C-2851-4ED6-AF00-DEB0519D46C0}.Debug|x86.Build.0 = Debug|Win32
		{30AC6C1C-2851-4ED6-AF00-DEB0519D46C0}.Release|x64.ActiveCfg = Release|x64
		{30AC6C1C-2851-4ED6-AF00-DEB0519D46C0}.Release|x64.Build.0 = Release|x64
		{30AC6C1C-2851-4ED6-AF00-DEB0519D46C0}.Release|x86.ActiveCfg = Release|Win32
		{30AC6C1C-2851-4ED6-AF00-DEB0519D46C0}.Release|x86.Build.0 = Release|Win32
		{F1BA9550-BC4C-4863-9556-C5C615D85154}.Debug|x64.ActiveCfg = Debug|x64
		{F1BA9550-BC4C-4863-9556-C5C615D85154}.Debug|x64.Build.0 = Debug|x64
		{F1BA9550-BC4C-4863-9556-C5C615D85154}.Debug|x86.ActiveCfg = Debug|Win32
		{F1BA9550-BC4C-4863-9556-C5C615D85154}.Debug|x86.Build.0 = Debug|Win32
		{F1BA9550-BC4C-4863-9556-C5C615D85154}.Release|x64.ActiveCfg = Release|x64
		{F1BA9550-BC4C-4863-9556-C5C615D85154}.Release|x64.Build.0 = Release|x64
		{F1BA9550-BC4C-4863-9556-C5C615D85154}.Release|x86.ActiveCfg = Release|Win32
		{F1BA9550-BC4C-4863-9556-C5C615D85154}.Release|x86.Build.0 = Release|Win32
	EndGlobalSection
	GlobalSection(SolutionProperties) = preSolution
		HideSolutionNode = FALSE
	EndGlobalSection
EndGlobal
